
Microsoft Visual Studio Solution File, Format Version 12.00
# Visual Studio Version 17
VisualStudioVersion = 17.8.34330.188
MinimumVisualStudioVersion = 10.0.40219.1
Project("{FAE04EC0-301F-11D3-BF4B-00C04F79EFBC}") = "Igra na karte", "Igra na karte.csproj", "{AF75BD8C-95CC-42A9-AB7E-31790D1F2700}"
EndProject
Global
	GlobalSection(SolutionConfigurationPlatforms) = preSolution
		Debug|Any CPU = Debug|Any CPU
		Release|Any CPU = Release|Any CPU
	EndGlobalSection
	GlobalSection(ProjectConfigurationPlatforms) = postSolution
		{AF75BD8C-95CC-42A9-AB7E-31790D1F2700}.Debug|Any CPU.ActiveCfg = Debug|Any CPU
		{AF75BD8C-95CC-42A9-AB7E-31790D1F2700}.Debug|Any CPU.Build.0 = Debug|Any CPU
		{AF75BD8C-95CC-42A9-AB7E-31790D1F2700}.Release|Any CPU.ActiveCfg = Release|Any CPU
		{AF75BD8C-95CC-42A9-AB7E-31790D1F2700}.Release|Any CPU.Build.0 = Release|Any CPU
	EndGlobalSection
	GlobalSection(SolutionProperties) = preSolution
		HideSolutionNode = FALSE
	EndGlobalSection
	GlobalSection(ExtensibilityGlobals) = postSolution
		SolutionGuid = {F8E5835A-CF70-4839-98C9-9C1BDB85064D}
	EndGlobalSection
EndGlobal
